<Solution>
  <Folder Name="/Solution Items/">
    <File Path=".gitignore" />
    <File Path=".editorconfig" />
    <File Path="Directory.Build.props" />
    <File Path="README.md" />
  </Folder>
  <Folder Name="/src/">
    <Project Path="src/PTL.Lambda.Shared/PTL.Lambda.Shared.csproj" />
    <Project Path="src/PTL.Lambda.DeleteAttachments/PTL.Lambda.DeleteAttachments.csproj" />
    <Project Path="src/PTL.Lambda.DeleteConsultant/PTL.Lambda.DeleteConsultant.csproj" />
    <Project Path="src/PTL.Lambda.RemoveCustomerData/PTL.Lambda.RemoveCustomerData.csproj" />
  </Folder>
  <Folder Name="/tests/">
    <Project Path="tests/PTL.Lambda.Shared.Tests/PTL.Lambda.Shared.Tests.csproj" />
    <Project Path="tests/PTL.Lambda.DeleteAttachments.Tests/PTL.Lambda.DeleteAttachments.Tests.csproj" />
    <Project Path="tests/PTL.Lambda.DeleteConsultant.Tests/PTL.Lambda.DeleteConsultant.Tests.csproj" />
    <Project Path="tests/PTL.Lambda.RemoveCustomerData.Tests/PTL.Lambda.RemoveCustomerData.Tests.csproj" />
  </Folder>
</Solution>
